
Microsoft Visual Studio Solution File, Format Version 12.00
# Visual Studio 15
VisualStudioVersion = 15.0.28307.902
MinimumVisualStudioVersion = 10.0.40219.1
Project("{FAE04EC0-301F-11D3-BF4B-00C04F79EFBC}") = "AppMain", "AppMain\AppMain.csproj", "{813CF950-810B-4315-92A6-7ED0A8FD74D5}"
EndProject
Project("{FAE04EC0-301F-11D3-BF4B-00C04F79EFBC}") = "NoteBook", "NoteBook\NoteBook.csproj", "{548B9E92-30F8-45EF-B76B-A77BE9F46CC0}"
EndProject
Global
	GlobalSection(SolutionConfigurationPlatforms) = preSolution
		Debug|Any CPU = Debug|Any CPU
		Release|Any CPU = Release|Any CPU
	EndGlobalSection
	GlobalSection(ProjectConfigurationPlatforms) = postSolution
		{813CF950-810B-4315-92A6-7ED0A8FD74D5}.Debug|Any CPU.ActiveCfg = Debug|Any CPU
		{813CF950-810B-4315-92A6-7ED0A8FD74D5}.Debug|Any CPU.Build.0 = Debug|Any CPU
		{813CF950-810B-4315-92A6-7ED0A8FD74D5}.Release|Any CPU.ActiveCfg = Release|Any CPU
		{813CF950-810B-4315-92A6-7ED0A8FD74D5}.Release|Any CPU.Build.0 = Release|Any CPU
		{548B9E92-30F8-45EF-B76B-A77BE9F46CC0}.Debug|Any CPU.ActiveCfg = Debug|Any CPU
		{548B9E92-30F8-45EF-B76B-A77BE9F46CC0}.Debug|Any CPU.Build.0 = Debug|Any CPU
		{548B9E92-30F8-45EF-B76B-A77BE9F46CC0}.Release|Any CPU.ActiveCfg = Release|Any CPU
		{548B9E92-30F8-45EF-B76B-A77BE9F46CC0}.Release|Any CPU.Build.0 = Release|Any CPU
	EndGlobalSection
	GlobalSection(SolutionProperties) = preSolution
		HideSolutionNode = FALSE
	EndGlobalSection
	GlobalSection(ExtensibilityGlobals) = postSolution
		SolutionGuid = {36A783F0-6267-4005-BD30-26CF8B62B8C4}
	EndGlobalSection
EndGlobal
